
Microsoft Visual Studio Solution File, Format Version 12.00
# Visual Studio Version 17
VisualStudioVersion = 17.4.33213.308
MinimumVisualStudioVersion = 10.0.40219.1
Project("{FAE04EC0-301F-11D3-BF4B-00C04F79EFBC}") = "pc-noot", "pc-noot\pc-noot.csproj", "{482D8D46-A95A-4AA2-936A-6E2BAB61ADB3}"
EndProject
Global
	GlobalSection(SolutionConfigurationPlatforms) = preSolution
		Debug|Any CPU = Debug|Any CPU
		Release|Any CPU = Release|Any CPU
	EndGlobalSection
	GlobalSection(ProjectConfigurationPlatforms) = postSolution
		{482D8D46-A95A-4AA2-936A-6E2BAB61ADB3}.Debug|Any CPU.ActiveCfg = Debug|Any CPU
		{482D8D46-A95A-4AA2-936A-6E2BAB61ADB3}.Debug|Any CPU.Build.0 = Debug|Any CPU
		{482D8D46-A95A-4AA2-936A-6E2BAB61ADB3}.Release|Any CPU.ActiveCfg = Release|Any CPU
		{482D8D46-A95A-4AA2-936A-6E2BAB61ADB3}.Release|Any CPU.Build.0 = Release|Any CPU
	EndGlobalSection
	GlobalSection(SolutionProperties) = preSolution
		HideSolutionNode = FALSE
	EndGlobalSection
	GlobalSection(ExtensibilityGlobals) = postSolution
		SolutionGuid = {A10A5F02-DCAF-4E88-B0CB-85F1BF30C7D0}
	EndGlobalSection
EndGlobal
